
Microsoft Visual Studio Solution File, Format Version 12.00
# Visual Studio Version 17
VisualStudioVersion = 17.14.36408.4 d17.14
MinimumVisualStudioVersion = 10.0.40219.1
Project("{FAE04EC0-301F-11D3-BF4B-00C04F79EFBC}") = "TextGenerationWithAI", "TextGenerationWithAI.csproj", "{4550FF09-CF04-4C9A-A00F-D29E253F80F6}"
EndProject
Project("{FAE04EC0-301F-11D3-BF4B-00C04F79EFBC}") = "TextGenerationConsoleApp", "..\TextGenerationConsoleApp\TextGenerationConsoleApp.csproj", "{AEA5B54A-82D4-4F50-A622-A58CE385AD2D}"
EndProject
Global
	GlobalSection(SolutionConfigurationPlatforms) = preSolution
		Debug|Any CPU = Debug|Any CPU
		Release|Any CPU = Release|Any CPU
	EndGlobalSection
	GlobalSection(ProjectConfigurationPlatforms) = postSolution
		{4550FF09-CF04-4C9A-A00F-D29E253F80F6}.Debug|Any CPU.ActiveCfg = Debug|Any CPU
		{4550FF09-CF04-4C9A-A00F-D29E253F80F6}.Debug|Any CPU.Build.0 = Debug|Any CPU
		{4550FF09-CF04-4C9A-A00F-D29E253F80F6}.Release|Any CPU.ActiveCfg = Release|Any CPU
		{4550FF09-CF04-4C9A-A00F-D29E253F80F6}.Release|Any CPU.Build.0 = Release|Any CPU
		{AEA5B54A-82D4-4F50-A622-A58CE385AD2D}.Debug|Any CPU.ActiveCfg = Debug|Any CPU
		{AEA5B54A-82D4-4F50-A622-A58CE385AD2D}.Debug|Any CPU.Build.0 = Debug|Any CPU
		{AEA5B54A-82D4-4F50-A622-A58CE385AD2D}.Release|Any CPU.ActiveCfg = Release|Any CPU
		{AEA5B54A-82D4-4F50-A622-A58CE385AD2D}.Release|Any CPU.Build.0 = Release|Any CPU
	EndGlobalSection
	GlobalSection(SolutionProperties) = preSolution
		HideSolutionNode = FALSE
	EndGlobalSection
	GlobalSection(ExtensibilityGlobals) = postSolution
		SolutionGuid = {1E62D953-0626-4299-8FF4-1BD7E7F483E7}
	EndGlobalSection
EndGlobal
